
Microsoft Visual Studio Solution File, Format Version 12.00
# Visual Studio 15
VisualStudioVersion = 15.0.26730.12
MinimumVisualStudioVersion = 10.0.40219.1
Project("{FAE04EC0-301F-11D3-BF4B-00C04F79EFBC}") = "PerformanceApp", "PerformanceApp\PerformanceApp.csproj", "{757C95A7-AF3E-4CF8-B74A-A41F1D5CEFB2}"
EndProject
Global
	GlobalSection(SolutionConfigurationPlatforms) = preSolution
		Debug|Any CPU = Debug|Any CPU
		Release|Any CPU = Release|Any CPU
	EndGlobalSection
	GlobalSection(ProjectConfigurationPlatforms) = postSolution
		{757C95A7-AF3E-4CF8-B74A-A41F1D5CEFB2}.Debug|Any CPU.ActiveCfg = Debug|Any CPU
		{757C95A7-AF3E-4CF8-B74A-A41F1D5CEFB2}.Debug|Any CPU.Build.0 = Debug|Any CPU
		{757C95A7-AF3E-4CF8-B74A-A41F1D5CEFB2}.Release|Any CPU.ActiveCfg = Release|Any CPU
		{757C95A7-AF3E-4CF8-B74A-A41F1D5CEFB2}.Release|Any CPU.Build.0 = Release|Any CPU
	EndGlobalSection
	GlobalSection(SolutionProperties) = preSolution
		HideSolutionNode = FALSE
	EndGlobalSection
	GlobalSection(ExtensibilityGlobals) = postSolution
		SolutionGuid = {B2854FFC-9647-4B42-9B88-9DDEA783EF3E}
	EndGlobalSection
EndGlobal
